
Microsoft Visual Studio Solution File, Format Version 12.00
# Visual Studio Version 17
VisualStudioVersion = 17.0.31903.59
MinimumVisualStudioVersion = 10.0.40219.1
Project("{FAE04EC0-301F-11D3-BF4B-00C04F79EFBC}") = "LosRalos.Api", "LosRalos.Api\LosRalos.Api.csproj", "{C8D7A5FB-4006-4E6B-BE9A-696325DC57BB}"
EndProject
Project("{FAE04EC0-301F-11D3-BF4B-00C04F79EFBC}") = "LosRalos.Application", "LosRalos.Application\LosRalos.Application.csproj", "{18A3FB99-47FF-4158-BA0D-48FDD123605B}"
EndProject
Project("{FAE04EC0-301F-11D3-BF4B-00C04F79EFBC}") = "LosRalos.Infrastructure", "LosRalos.Infrastructure\LosRalos.Infrastructure.csproj", "{3A351C11-DD3A-4C29-919F-0569FF70A0EB}"
EndProject
Project("{FAE04EC0-301F-11D3-BF4B-00C04F79EFBC}") = "LosRalos.Tests", "LosRalos.Tests\LosRalos.Tests.csproj", "{D86CBFCD-DFDD-49B9-AC7D-58D1CC789B75}"
EndProject
Global
	GlobalSection(SolutionConfigurationPlatforms) = preSolution
		Debug|Any CPU = Debug|Any CPU
		Debug|x64 = Debug|x64
		Debug|x86 = Debug|x86
		Release|Any CPU = Release|Any CPU
		Release|x64 = Release|x64
		Release|x86 = Release|x86
	EndGlobalSection
	GlobalSection(ProjectConfigurationPlatforms) = postSolution
		{C8D7A5FB-4006-4E6B-BE9A-696325DC57BB}.Debug|Any CPU.ActiveCfg = Debug|Any CPU
		{C8D7A5FB-4006-4E6B-BE9A-696325DC57BB}.Debug|Any CPU.Build.0 = Debug|Any CPU
		{C8D7A5FB-4006-4E6B-BE9A-696325DC57BB}.Debug|x64.ActiveCfg = Debug|Any CPU
		{C8D7A5FB-4006-4E6B-BE9A-696325DC57BB}.Debug|x64.Build.0 = Debug|Any CPU
		{C8D7A5FB-4006-4E6B-BE9A-696325DC57BB}.Debug|x86.ActiveCfg = Debug|Any CPU
		{C8D7A5FB-4006-4E6B-BE9A-696325DC57BB}.Debug|x86.Build.0 = Debug|Any CPU
		{C8D7A5FB-4006-4E6B-BE9A-696325DC57BB}.Release|Any CPU.ActiveCfg = Release|Any CPU
		{C8D7A5FB-4006-4E6B-BE9A-696325DC57BB}.Release|Any CPU.Build.0 = Release|Any CPU
		{C8D7A5FB-4006-4E6B-BE9A-696325DC57BB}.Release|x64.ActiveCfg = Release|Any CPU
		{C8D7A5FB-4006-4E6B-BE9A-696325DC57BB}.Release|x64.Build.0 = Release|Any CPU
		{C8D7A5FB-4006-4E6B-BE9A-696325DC57BB}.Release|x86.ActiveCfg = Release|Any CPU
		{C8D7A5FB-4006-4E6B-BE9A-696325DC57BB}.Release|x86.Build.0 = Release|Any CPU
		{18A3FB99-47FF-4158-BA0D-48FDD123605B}.Debug|Any CPU.ActiveCfg = Debug|Any CPU
		{18A3FB99-47FF-4158-BA0D-48FDD123605B}.Debug|Any CPU.Build.0 = Debug|Any CPU
		{18A3FB99-47FF-4158-BA0D-48FDD123605B}.Debug|x64.ActiveCfg = Debug|Any CPU
		{18A3FB99-47FF-4158-BA0D-48FDD123605B}.Debug|x64.Build.0 = Debug|Any CPU
		{18A3FB99-47FF-4158-BA0D-48FDD123605B}.Debug|x86.ActiveCfg = Debug|Any CPU
		{18A3FB99-47FF-4158-BA0D-48FDD123605B}.Debug|x86.Build.0 = Debug|Any CPU
		{18A3FB99-47FF-4158-BA0D-48FDD123605B}.Release|Any CPU.ActiveCfg = Release|Any CPU
		{18A3FB99-47FF-4158-BA0D-48FDD123605B}.Release|Any CPU.Build.0 = Release|Any CPU
		{18A3FB99-47FF-4158-BA0D-48FDD123605B}.Release|x64.ActiveCfg = Release|Any CPU
		{18A3FB99-47FF-4158-BA0D-48FDD123605B}.Release|x64.Build.0 = Release|Any CPU
		{18A3FB99-47FF-4158-BA0D-48FDD123605B}.Release|x86.ActiveCfg = Release|Any CPU
		{18A3FB99-47FF-4158-BA0D-48FDD123605B}.Release|x86.Build.0 = Release|Any CPU
		{3A351C11-DD3A-4C29-919F-0569FF70A0EB}.Debug|Any CPU.ActiveCfg = Debug|Any CPU
		{3A351C11-DD3A-4C29-919F-0569FF70A0EB}.Debug|Any CPU.Build.0 = Debug|Any CPU
		{3A351C11-DD3A-4C29-919F-0569FF70A0EB}.Debug|x64.ActiveCfg = Debug|Any CPU
		{3A351C11-DD3A-4C29-919F-0569FF70A0EB}.Debug|x64.Build.0 = Debug|Any CPU
		{3A351C11-DD3A-4C29-919F-0569FF70A0EB}.Debug|x86.ActiveCfg = Debug|Any CPU
		{3A351C11-DD3A-4C29-919F-0569FF70A0EB}.Debug|x86.Build.0 = Debug|Any CPU
		{3A351C11-DD3A-4C29-919F-0569FF70A0EB}.Release|Any CPU.ActiveCfg = Release|Any CPU
		{3A351C11-DD3A-4C29-919F-0569FF70A0EB}.Release|Any CPU.Build.0 = Release|Any CPU
		{3A351C11-DD3A-4C29-919F-0569FF70A0EB}.Release|x64.ActiveCfg = Release|Any CPU
		{3A351C11-DD3A-4C29-919F-0569FF70A0EB}.Release|x64.Build.0 = Release|Any CPU
		{3A351C11-DD3A-4C29-919F-0569FF70A0EB}.Release|x86.ActiveCfg = Release|Any CPU
		{3A351C11-DD3A-4C29-919F-0569FF70A0EB}.Release|x86.Build.0 = Release|Any CPU
		{D86CBFCD-DFDD-49B9-AC7D-58D1CC789B75}.Debug|Any CPU.ActiveCfg = Debug|Any CPU
		{D86CBFCD-DFDD-49B9-AC7D-58D1CC789B75}.Debug|Any CPU.Build.0 = Debug|Any CPU
		{D86CBFCD-DFDD-49B9-AC7D-58D1CC789B75}.Debug|x64.ActiveCfg = Debug|Any CPU
		{D86CBFCD-DFDD-49B9-AC7D-58D1CC789B75}.Debug|x64.Build.0 = Debug|Any CPU
		{D86CBFCD-DFDD-49B9-AC7D-58D1CC789B75}.Debug|x86.ActiveCfg = Debug|Any CPU
		{D86CBFCD-DFDD-49B9-AC7D-58D1CC789B75}.Debug|x86.Build.0 = Debug|Any CPU
		{D86CBFCD-DFDD-49B9-AC7D-58D1CC789B75}.Release|Any CPU.ActiveCfg = Release|Any CPU
		{D86CBFCD-DFDD-49B9-AC7D-58D1CC789B75}.Release|Any CPU.Build.0 = Release|Any CPU
		{D86CBFCD-DFDD-49B9-AC7D-58D1CC789B75}.Release|x64.ActiveCfg = Release|Any CPU
		{D86CBFCD-DFDD-49B9-AC7D-58D1CC789B75}.Release|x64.Build.0 = Release|Any CPU
		{D86CBFCD-DFDD-49B9-AC7D-58D1CC789B75}.Release|x86.ActiveCfg = Release|Any CPU
		{D86CBFCD-DFDD-49B9-AC7D-58D1CC789B75}.Release|x86.Build.0 = Release|Any CPU
	EndGlobalSection
	GlobalSection(SolutionProperties) = preSolution
		HideSolutionNode = FALSE
	EndGlobalSection
EndGlobal
